
Microsoft Visual Studio Solution File, Format Version 12.00
# Visual Studio Version 16
VisualStudioVersion = 16.0.30523.141
MinimumVisualStudioVersion = 10.0.40219.1
Project("{FAE04EC0-301F-11D3-BF4B-00C04F79EFBC}") = "DemoApp.UWP", "DemoApp\DemoApp.UWP\DemoApp.UWP.csproj", "{706B05D4-8B67-4556-B644-18D513BA8E31}"
EndProject
Project("{FAE04EC0-301F-11D3-BF4B-00C04F79EFBC}") = "DemoApp.Android", "DemoApp\DemoApp.Android\DemoApp.Android.csproj", "{12CCC67A-9A3E-4D7F-9A55-8882B10F6E19}"
EndProject
Project("{FAE04EC0-301F-11D3-BF4B-00C04F79EFBC}") = "DemoApp.iOS", "DemoApp\DemoApp.iOS\DemoApp.iOS.csproj", "{40438D24-2639-43C2-858B-4E4837A3CB19}"
EndProject
Project("{9A19103F-16F7-4668-BE54-9A1E7A4F7556}") = "DemoApp", "DemoApp\DemoApp\DemoApp.csproj", "{3E120B69-5B0F-4685-899A-7E4201B3D3C1}"
EndProject
Project("{FAE04EC0-301F-11D3-BF4B-00C04F79EFBC}") = "Testing", "Testing\Testing.csproj", "{CA86863A-6980-4653-966E-A87E47D7BEAF}"
EndProject
Global
	GlobalSection(SolutionConfigurationPlatforms) = preSolution
		Debug|Any CPU = Debug|Any CPU
		Debug|ARM = Debug|ARM
		Debug|iPhone = Debug|iPhone
		Debug|iPhoneSimulator = Debug|iPhoneSimulator
		Debug|x64 = Debug|x64
		Debug|x86 = Debug|x86
		Release|Any CPU = Release|Any CPU
		Release|ARM = Release|ARM
		Release|iPhone = Release|iPhone
		Release|iPhoneSimulator = Release|iPhoneSimulator
		Release|x64 = Release|x64
		Release|x86 = Release|x86
	EndGlobalSection
	GlobalSection(ProjectConfigurationPlatforms) = postSolution
		{706B05D4-8B67-4556-B644-18D513BA8E31}.Debug|Any CPU.ActiveCfg = Debug|x86
		{706B05D4-8B67-4556-B644-18D513BA8E31}.Debug|Any CPU.Build.0 = Debug|x86
		{706B05D4-8B67-4556-B644-18D513BA8E31}.Debug|Any CPU.Deploy.0 = Debug|x86
		{706B05D4-8B67-4556-B644-18D513BA8E31}.Debug|ARM.ActiveCfg = Debug|ARM
		{706B05D4-8B67-4556-B644-18D513BA8E31}.Debug|ARM.Build.0 = Debug|ARM
		{706B05D4-8B67-4556-B644-18D513BA8E31}.Debug|ARM.Deploy.0 = Debug|ARM
		{706B05D4-8B67-4556-B644-18D513BA8E31}.Debug|iPhone.ActiveCfg = Debug|x86
		{706B05D4-8B67-4556-B644-18D513BA8E31}.Debug|iPhone.Build.0 = Debug|x86
		{706B05D4-8B67-4556-B644-18D513BA8E31}.Debug|iPhone.Deploy.0 = Debug|x86
		{706B05D4-8B67-4556-B644-18D513BA8E31}.Debug|iPhoneSimulator.ActiveCfg = Debug|x86
		{706B05D4-8B67-4556-B644-18D513BA8E31}.Debug|iPhoneSimulator.Build.0 = Debug|x86
		{706B05D4-8B67-4556-B644-18D513BA8E31}.Debug|iPhoneSimulator.Deploy.0 = Debug|x86
		{706B05D4-8B67-4556-B644-18D513BA8E31}.Debug|x64.ActiveCfg = Debug|x64
		{706B05D4-8B67-4556-B644-18D513BA8E31}.Debug|x64.Build.0 = Debug|x64
		{706B05D4-8B67-4556-B644-18D513BA8E31}.Debug|x64.Deploy.0 = Debug|x64
		{706B05D4-8B67-4556-B644-18D513BA8E31}.Debug|x86.ActiveCfg = Debug|x86
		{706B05D4-8B67-4556-B644-18D513BA8E31}.Debug|x86.Build.0 = Debug|x86
		{706B05D4-8B67-4556-B644-18D513BA8E31}.Debug|x86.Deploy.0 = Debug|x86
		{706B05D4-8B67-4556-B644-18D513BA8E31}.Release|Any CPU.ActiveCfg = Release|x86
		{706B05D4-8B67-4556-B644-18D513BA8E31}.Release|Any CPU.Build.0 = Release|x86
		{706B05D4-8B67-4556-B644-18D513BA8E31}.Release|Any CPU.Deploy.0 = Release|x86
		{706B05D4-8B67-4556-B644-18D513BA8E31}.Release|ARM.ActiveCfg = Release|ARM
		{706B05D4-8B67-4556-B644-18D513BA8E31}.Release|ARM.Build.0 = Release|ARM
		{706B05D4-8B67-4556-B644-18D513BA8E31}.Release|ARM.Deploy.0 = Release|ARM
		{706B05D4-8B67-4556-B644-18D513BA8E31}.Release|iPhone.ActiveCfg = Release|x86
		{706B05D4-8B67-4556-B644-18D513BA8E31}.Release|iPhone.Build.0 = Release|x86
		{706B05D4-8B67-4556-B644-18D513BA8E31}.Release|iPhone.Deploy.0 = Release|x86
		{706B05D4-8B67-4556-B644-18D513BA8E31}.Release|iPhoneSimulator.ActiveCfg = Release|x86
		{706B05D4-8B67-4556-B644-18D513BA8E31}.Release|iPhoneSimulator.Build.0 = Release|x86
		{706B05D4-8B67-4556-B644-18D513BA8E31}.Release|iPhoneSimulator.Deploy.0 = Release|x86
		{706B05D4-8B67-4556-B644-18D513BA8E31}.Release|x64.ActiveCfg = Release|x64
		{706B05D4-8B67-4556-B644-18D513BA8E31}.Release|x64.Build.0 = Release|x64
		{706B05D4-8B67-4556-B644-18D513BA8E31}.Release|x64.Deploy.0 = Release|x64
		{706B05D4-8B67-4556-B644-18D513BA8E31}.Release|x86.ActiveCfg = Release|x86
		{706B05D4-8B67-4556-B644-18D513BA8E31}.Release|x86.Build.0 = Release|x86
		{706B05D4-8B67-4556-B644-18D513BA8E31}.Release|x86.Deploy.0 = Release|x86
		{12CCC67A-9A3E-4D7F-9A55-8882B10F6E19}.Debug|Any CPU.ActiveCfg = Debug|Any CPU
		{12CCC67A-9A3E-4D7F-9A55-8882B10F6E19}.Debug|Any CPU.Build.0 = Debug|Any CPU
		{12CCC67A-9A3E-4D7F-9A55-8882B10F6E19}.Debug|Any CPU.Deploy.0 = Debug|Any CPU
		{12CCC67A-9A3E-4D7F-9A55-8882B10F6E19}.Debug|ARM.ActiveCfg = Debug|Any CPU
		{12CCC67A-9A3E-4D7F-9A55-8882B10F6E19}.Debug|ARM.Build.0 = Debug|Any CPU
		{12CCC67A-9A3E-4D7F-9A55-8882B10F6E19}.Debug|ARM.Deploy.0 = Debug|Any CPU
		{12CCC67A-9A3E-4D7F-9A55-8882B10F6E19}.Debug|iPhone.ActiveCfg = Debug|Any CPU
		{12CCC67A-9A3E-4D7F-9A55-8882B10F6E19}.Debug|iPhone.Build.0 = Debug|Any CPU
		{12CCC67A-9A3E-4D7F-9A55-8882B10F6E19}.Debug|iPhone.Deploy.0 = Debug|Any CPU
		{12CCC67A-9A3E-4D7F-9A55-8882B10F6E19}.Debug|iPhoneSimulator.ActiveCfg = Debug|Any CPU
		{12CCC67A-9A3E-4D7F-9A55-8882B10F6E19}.Debug|iPhoneSimulator.Build.0 = Debug|Any CPU
		{12CCC67A-9A3E-4D7F-9A55-8882B10F6E19}.Debug|iPhoneSimulator.Deploy.0 = Debug|Any CPU
		{12CCC67A-9A3E-4D7F-9A55-8882B10F6E19}.Debug|x64.ActiveCfg = Debug|Any CPU
		{12CCC67A-9A3E-4D7F-9A55-8882B10F6E19}.Debug|x64.Build.0 = Debug|Any CPU
		{12CCC67A-9A3E-4D7F-9A55-8882B10F6E19}.Debug|x64.Deploy.0 = Debug|Any CPU
		{12CCC67A-9A3E-4D7F-9A55-8882B10F6E19}.Debug|x86.ActiveCfg = Debug|Any CPU
		{12CCC67A-9A3E-4D7F-9A55-8882B10F6E19}.Debug|x86.Build.0 = Debug|Any CPU
		{12CCC67A-9A3E-4D7F-9A55-8882B10F6E19}.Debug|x86.Deploy.0 = Debug|Any CPU
		{12CCC67A-9A3E-4D7F-9A55-8882B10F6E19}.Release|Any CPU.ActiveCfg = Release|Any CPU
		{12CCC67A-9A3E-4D7F-9A55-8882B10F6E19}.Release|Any CPU.Build.0 = Release|Any CPU
		{12CCC67A-9A3E-4D7F-9A55-8882B10F6E19}.Release|Any CPU.Deploy.0 = Release|Any CPU
		{12CCC67A-9A3E-4D7F-9A55-8882B10F6E19}.Release|ARM.ActiveCfg = Release|Any CPU
		{12CCC67A-9A3E-4D7F-9A55-8882B10F6E19}.Release|ARM.Build.0 = Release|Any CPU
		{12CCC67A-9A3E-4D7F-9A55-8882B10F6E19}.Release|ARM.Deploy.0 = Release|Any CPU
		{12CCC67A-9A3E-4D7F-9A55-8882B10F6E19}.Release|iPhone.ActiveCfg = Release|Any CPU
		{12CCC67A-9A3E-4D7F-9A55-8882B10F6E19}.Release|iPhone.Build.0 = Release|Any CPU
		{12CCC67A-9A3E-4D7F-9A55-8882B10F6E19}.Release|iPhone.Deploy.0 = Release|Any CPU
		{12CCC67A-9A3E-4D7F-9A55-8882B10F6E19}.Release|iPhoneSimulator.ActiveCfg = Release|Any CPU
		{12CCC67A-9A3E-4D7F-9A55-8882B10F6E19}.Release|iPhoneSimulator.Build.0 = Release|Any CPU
		{12CCC67A-9A3E-4D7F-9A55-8882B10F6E19}.Release|iPhoneSimulator.Deploy.0 = Release|Any CPU
		{12CCC67A-9A3E-4D7F-9A55-8882B10F6E19}.Release|x64.ActiveCfg = Release|Any CPU
		{12CCC67A-9A3E-4D7F-9A55-8882B10F6E19}.Release|x64.Build.0 = Release|Any CPU
		{12CCC67A-9A3E-4D7F-9A55-8882B10F6E19}.Release|x64.Deploy.0 = Release|Any CPU
		{12CCC67A-9A3E-4D7F-9A55-8882B10F6E19}.Release|x86.ActiveCfg = Release|Any CPU
		{12CCC67A-9A3E-4D7F-9A55-8882B10F6E19}.Release|x86.Build.0 = Release|Any CPU
		{12CCC67A-9A3E-4D7F-9A55-8882B10F6E19}.Release|x86.Deploy.0 = Release|Any CPU
		{40438D24-2639-43C2-858B-4E4837A3CB19}.Debug|Any CPU.ActiveCfg = Debug|iPhoneSimulator
		{40438D24-2639-43C2-858B-4E4837A3CB19}.Debug|Any CPU.Build.0 = Debug|iPhoneSimulator
		{40438D24-2639-43C2-858B-4E4837A3CB19}.Debug|Any CPU.Deploy.0 = Debug|iPhoneSimulator
		{40438D24-2639-43C2-858B-4E4837A3CB19}.Debug|ARM.ActiveCfg = Debug|iPhone
		{40438D24-2639-43C2-858B-4E4837A3CB19}.Debug|ARM.Build.0 = Debug|iPhone
		{40438D24-2639-43C2-858B-4E4837A3CB19}.Debug|ARM.Deploy.0 = Debug|iPhone
		{40438D24-2639-43C2-858B-4E4837A3CB19}.Debug|iPhone.ActiveCfg = Debug|iPhone
		{40438D24-2639-43C2-858B-4E4837A3CB19}.Debug|iPhone.Build.0 = Debug|iPhone
		{40438D24-2639-43C2-858B-4E4837A3CB19}.Debug|iPhone.Deploy.0 = Debug|iPhone
		{40438D24-2639-43C2-858B-4E4837A3CB19}.Debug|iPhoneSimulator.ActiveCfg = Debug|iPhoneSimulator
		{40438D24-2639-43C2-858B-4E4837A3CB19}.Debug|iPhoneSimulator.Build.0 = Debug|iPhoneSimulator
		{40438D24-2639-43C2-858B-4E4837A3CB19}.Debug|iPhoneSimulator.Deploy.0 = Debug|iPhoneSimulator
		{40438D24-2639-43C2-858B-4E4837A3CB19}.Debug|x64.ActiveCfg = Debug|iPhoneSimulator
		{40438D24-2639-43C2-858B-4E4837A3CB19}.Debug|x64.Build.0 = Debug|iPhoneSimulator
		{40438D24-2639-43C2-858B-4E4837A3CB19}.Debug|x64.Deploy.0 = Debug|iPhoneSimulator
		{40438D24-2639-43C2-858B-4E4837A3CB19}.Debug|x86.ActiveCfg = Debug|iPhoneSimulator
		{40438D24-2639-43C2-858B-4E4837A3CB19}.Debug|x86.Build.0 = Debug|iPhoneSimulator
		{40438D24-2639-43C2-858B-4E4837A3CB19}.Debug|x86.Deploy.0 = Debug|iPhoneSimulator
		{40438D24-2639-43C2-858B-4E4837A3CB19}.Release|Any CPU.ActiveCfg = Release|iPhoneSimulator
		{40438D24-2639-43C2-858B-4E4837A3CB19}.Release|Any CPU.Build.0 = Release|iPhoneSimulator
		{40438D24-2639-43C2-858B-4E4837A3CB19}.Release|Any CPU.Deploy.0 = Release|iPhoneSimulator
		{40438D24-2639-43C2-858B-4E4837A3CB19}.Release|ARM.ActiveCfg = Release|iPhoneSimulator
		{40438D24-2639-43C2-858B-4E4837A3CB19}.Release|ARM.Build.0 = Release|iPhoneSimulator
		{40438D24-2639-43C2-858B-4E4837A3CB19}.Release|ARM.Deploy.0 = Release|iPhoneSimulator
		{40438D24-2639-43C2-858B-4E4837A3CB19}.Release|iPhone.ActiveCfg = Release|iPhone
		{40438D24-2639-43C2-858B-4E4837A3CB19}.Release|iPhone.Build.0 = Release|iPhone
		{40438D24-2639-43C2-858B-4E4837A3CB19}.Release|iPhone.Deploy.0 = Release|iPhone
		{40438D24-2639-43C2-858B-4E4837A3CB19}.Release|iPhoneSimulator.ActiveCfg = Release|iPhoneSimulator
		{40438D24-2639-43C2-858B-4E4837A3CB19}.Release|iPhoneSimulator.Build.0 = Release|iPhoneSimulator
		{40438D24-2639-43C2-858B-4E4837A3CB19}.Release|iPhoneSimulator.Deploy.0 = Release|iPhoneSimulator
		{40438D24-2639-43C2-858B-4E4837A3CB19}.Release|x64.ActiveCfg = Release|iPhoneSimulator
		{40438D24-2639-43C2-858B-4E4837A3CB19}.Release|x64.Build.0 = Release|iPhoneSimulator
		{40438D24-2639-43C2-858B-4E4837A3CB19}.Release|x64.Deploy.0 = Release|iPhoneSimulator
		{40438D24-2639-43C2-858B-4E4837A3CB19}.Release|x86.ActiveCfg = Release|iPhoneSimulator
		{40438D24-2639-43C2-858B-4E4837A3CB19}.Release|x86.Build.0 = Release|iPhoneSimulator
		{40438D24-2639-43C2-858B-4E4837A3CB19}.Release|x86.Deploy.0 = Release|iPhoneSimulator
		{3E120B69-5B0F-4685-899A-7E4201B3D3C1}.Debug|Any CPU.ActiveCfg = Debug|Any CPU
		{3E120B69-5B0F-4685-899A-7E4201B3D3C1}.Debug|Any CPU.Build.0 = Debug|Any CPU
		{3E120B69-5B0F-4685-899A-7E4201B3D3C1}.Debug|Any CPU.Deploy.0 = Debug|Any CPU
		{3E120B69-5B0F-4685-899A-7E4201B3D3C1}.Debug|ARM.ActiveCfg = Debug|Any CPU
		{3E120B69-5B0F-4685-899A-7E4201B3D3C1}.Debug|ARM.Build.0 = Debug|Any CPU
		{3E120B69-5B0F-4685-899A-7E4201B3D3C1}.Debug|ARM.Deploy.0 = Debug|Any CPU
		{3E120B69-5B0F-4685-899A-7E4201B3D3C1}.Debug|iPhone.ActiveCfg = Debug|Any CPU
		{3E120B69-5B0F-4685-899A-7E4201B3D3C1}.Debug|iPhone.Build.0 = Debug|Any CPU
		{3E120B69-5B0F-4685-899A-7E4201B3D3C1}.Debug|iPhone.Deploy.0 = Debug|Any CPU
		{3E120B69-5B0F-4685-899A-7E4201B3D3C1}.Debug|iPhoneSimulator.ActiveCfg = Debug|Any CPU
		{3E120B69-5B0F-4685-899A-7E4201B3D3C1}.Debug|iPhoneSimulator.Build.0 = Debug|Any CPU
		{3E120B69-5B0F-4685-899A-7E4201B3D3C1}.Debug|iPhoneSimulator.Deploy.0 = Debug|Any CPU
		{3E120B69-5B0F-4685-899A-7E4201B3D3C1}.Debug|x64.ActiveCfg = Debug|Any CPU
		{3E120B69-5B0F-4685-899A-7E4201B3D3C1}.Debug|x64.Build.0 = Debug|Any CPU
		{3E120B69-5B0F-4685-899A-7E4201B3D3C1}.Debug|x64.Deploy.0 = Debug|Any CPU
		{3E120B69-5B0F-4685-899A-7E4201B3D3C1}.Debug|x86.ActiveCfg = Debug|Any CPU
		{3E120B69-5B0F-4685-899A-7E4201B3D3C1}.Debug|x86.Build.0 = Debug|Any CPU
		{3E120B69-5B0F-4685-899A-7E4201B3D3C1}.Debug|x86.Deploy.0 = Debug|Any CPU
		{3E120B69-5B0F-4685-899A-7E4201B3D3C1}.Release|Any CPU.ActiveCfg = Release|Any CPU
		{3E120B69-5B0F-4685-899A-7E4201B3D3C1}.Release|Any CPU.Build.0 = Release|Any CPU
		{3E120B69-5B0F-4685-899A-7E4201B3D3C1}.Release|Any CPU.Deploy.0 = Release|Any CPU
		{3E120B69-5B0F-4685-899A-7E4201B3D3C1}.Release|ARM.ActiveCfg = Release|Any CPU
		{3E120B69-5B0F-4685-899A-7E4201B3D3C1}.Release|ARM.Build.0 = Release|Any CPU
		{3E120B69-5B0F-4685-899A-7E4201B3D3C1}.Release|ARM.Deploy.0 = Release|Any CPU
		{3E120B69-5B0F-4685-899A-7E4201B3D3C1}.Release|iPhone.ActiveCfg = Release|Any CPU
		{3E120B69-5B0F-4685-899A-7E4201B3D3C1}.Release|iPhone.Build.0 = Release|Any CPU
		{3E120B69-5B0F-4685-899A-7E4201B3D3C1}.Release|iPhone.Deploy.0 = Release|Any CPU
		{3E120B69-5B0F-4685-899A-7E4201B3D3C1}.Release|iPhoneSimulator.ActiveCfg = Release|Any CPU
		{3E120B69-5B0F-4685-899A-7E4201B3D3C1}.Release|iPhoneSimulator.Build.0 = Release|Any CPU
		{3E120B69-5B0F-4685-899A-7E4201B3D3C1}.Release|iPhoneSimulator.Deploy.0 = Release|Any CPU
		{3E120B69-5B0F-4685-899A-7E4201B3D3C1}.Release|x64.ActiveCfg = Release|Any CPU
		{3E120B69-5B0F-4685-899A-7E4201B3D3C1}.Release|x64.Build.0 = Release|Any CPU
		{3E120B69-5B0F-4685-899A-7E4201B3D3C1}.Release|x64.Deploy.0 = Release|Any CPU
		{3E120B69-5B0F-4685-899A-7E4201B3D3C1}.Release|x86.ActiveCfg = Release|Any CPU
		{3E120B69-5B0F-4685-899A-7E4201B3D3C1}.Release|x86.Build.0 = Release|Any CPU
		{3E120B69-5B0F-4685-899A-7E4201B3D3C1}.Release|x86.Deploy.0 = Release|Any CPU
		{CA86863A-6980-4653-966E-A87E47D7BEAF}.Debug|Any CPU.ActiveCfg = Debug|Any CPU
		{CA86863A-6980-4653-966E-A87E47D7BEAF}.Debug|Any CPU.Build.0 = Debug|Any CPU
		{CA86863A-6980-4653-966E-A87E47D7BEAF}.Debug|ARM.ActiveCfg = Debug|Any CPU
		{CA86863A-6980-4653-966E-A87E47D7BEAF}.Debug|ARM.Build.0 = Debug|Any CPU
		{CA86863A-6980-4653-966E-A87E47D7BEAF}.Debug|iPhone.ActiveCfg = Debug|Any CPU
		{CA86863A-6980-4653-966E-A87E47D7BEAF}.Debug|iPhone.Build.0 = Debug|Any CPU
		{CA86863A-6980-4653-966E-A87E47D7BEAF}.Debug|iPhoneSimulator.ActiveCfg = Debug|Any CPU
		{CA86863A-6980-4653-966E-A87E47D7BEAF}.Debug|iPhoneSimulator.Build.0 = Debug|Any CPU
		{CA86863A-6980-4653-966E-A87E47D7BEAF}.Debug|x64.ActiveCfg = Debug|Any CPU
		{CA86863A-6980-4653-966E-A87E47D7BEAF}.Debug|x64.Build.0 = Debug|Any CPU
		{CA86863A-6980-4653-966E-A87E47D7BEAF}.Debug|x86.ActiveCfg = Debug|Any CPU
		{CA86863A-6980-4653-966E-A87E47D7BEAF}.Debug|x86.Build.0 = Debug|Any CPU
		{CA86863A-6980-4653-966E-A87E47D7BEAF}.Release|Any CPU.ActiveCfg = Release|Any CPU
		{CA86863A-6980-4653-966E-A87E47D7BEAF}.Release|Any CPU.Build.0 = Release|Any CPU
		{CA86863A-6980-4653-966E-A87E47D7BEAF}.Release|ARM.ActiveCfg = Release|Any CPU
		{CA86863A-6980-4653-966E-A87E47D7BEAF}.Release|ARM.Build.0 = Release|Any CPU
		{CA86863A-6980-4653-966E-A87E47D7BEAF}.Release|iPhone.ActiveCfg = Release|Any CPU
		{CA86863A-6980-4653-966E-A87E47D7BEAF}.Release|iPhone.Build.0 = Release|Any CPU
		{CA86863A-6980-4653-966E-A87E47D7BEAF}.Release|iPhoneSimulator.ActiveCfg = Release|Any CPU
		{CA86863A-6980-4653-966E-A87E47D7BEAF}.Release|iPhoneSimulator.Build.0 = Release|Any CPU
		{CA86863A-6980-4653-966E-A87E47D7BEAF}.Release|x64.ActiveCfg = Release|Any CPU
		{CA86863A-6980-4653-966E-A87E47D7BEAF}.Release|x64.Build.0 = Release|Any CPU
		{CA86863A-6980-4653-966E-A87E47D7BEAF}.Release|x86.ActiveCfg = Release|Any CPU
		{CA86863A-6980-4653-966E-A87E47D7BEAF}.Release|x86.Build.0 = Release|Any CPU
	EndGlobalSection
	GlobalSection(SolutionProperties) = preSolution
		HideSolutionNode = FALSE
	EndGlobalSection
	GlobalSection(ExtensibilityGlobals) = postSolution
		SolutionGuid = {177C7519-976F-45B9-9343-6E3ABEBE3B10}
		VisualSVNWorkingCopyRoot = .
	EndGlobalSection
EndGlobal
