
Microsoft Visual Studio Solution File, Format Version 12.00
# Visual Studio Version 16
VisualStudioVersion = 16.0.30523.141
MinimumVisualStudioVersion = 10.0.40219.1
Project("{FAE04EC0-301F-11D3-BF4B-00C04F79EFBC}") = "AndroidApp.UWP", "AndroidApp\AndroidApp.UWP\AndroidApp.UWP.csproj", "{AB54B087-CAC4-4801-8808-6C9C9F7C0A9D}"
EndProject
Project("{FAE04EC0-301F-11D3-BF4B-00C04F79EFBC}") = "AndroidApp.Android", "AndroidApp\AndroidApp.Android\AndroidApp.Android.csproj", "{AE1AA004-6006-45C2-BBE0-123B1C9F8F9A}"
EndProject
Project("{FAE04EC0-301F-11D3-BF4B-00C04F79EFBC}") = "AndroidApp.iOS", "AndroidApp\AndroidApp.iOS\AndroidApp.iOS.csproj", "{DB26B653-0CBF-4985-835F-A20DABCD4B6F}"
EndProject
Project("{FAE04EC0-301F-11D3-BF4B-00C04F79EFBC}") = "AndroidApp", "AndroidApp\AndroidApp\AndroidApp.csproj", "{9BEA6795-044F-4D98-97A4-8BCD292D24FC}"
EndProject
Global
	GlobalSection(SolutionConfigurationPlatforms) = preSolution
		Debug|Any CPU = Debug|Any CPU
		Debug|ARM = Debug|ARM
		Debug|iPhone = Debug|iPhone
		Debug|iPhoneSimulator = Debug|iPhoneSimulator
		Debug|x64 = Debug|x64
		Debug|x86 = Debug|x86
		Release|Any CPU = Release|Any CPU
		Release|ARM = Release|ARM
		Release|iPhone = Release|iPhone
		Release|iPhoneSimulator = Release|iPhoneSimulator
		Release|x64 = Release|x64
		Release|x86 = Release|x86
	EndGlobalSection
	GlobalSection(ProjectConfigurationPlatforms) = postSolution
		{AB54B087-CAC4-4801-8808-6C9C9F7C0A9D}.Debug|Any CPU.ActiveCfg = Debug|x86
		{AB54B087-CAC4-4801-8808-6C9C9F7C0A9D}.Debug|Any CPU.Build.0 = Debug|x86
		{AB54B087-CAC4-4801-8808-6C9C9F7C0A9D}.Debug|Any CPU.Deploy.0 = Debug|x86
		{AB54B087-CAC4-4801-8808-6C9C9F7C0A9D}.Debug|ARM.ActiveCfg = Debug|ARM
		{AB54B087-CAC4-4801-8808-6C9C9F7C0A9D}.Debug|ARM.Build.0 = Debug|ARM
		{AB54B087-CAC4-4801-8808-6C9C9F7C0A9D}.Debug|ARM.Deploy.0 = Debug|ARM
		{AB54B087-CAC4-4801-8808-6C9C9F7C0A9D}.Debug|iPhone.ActiveCfg = Debug|x86
		{AB54B087-CAC4-4801-8808-6C9C9F7C0A9D}.Debug|iPhone.Build.0 = Debug|x86
		{AB54B087-CAC4-4801-8808-6C9C9F7C0A9D}.Debug|iPhone.Deploy.0 = Debug|x86
		{AB54B087-CAC4-4801-8808-6C9C9F7C0A9D}.Debug|iPhoneSimulator.ActiveCfg = Debug|x86
		{AB54B087-CAC4-4801-8808-6C9C9F7C0A9D}.Debug|iPhoneSimulator.Build.0 = Debug|x86
		{AB54B087-CAC4-4801-8808-6C9C9F7C0A9D}.Debug|iPhoneSimulator.Deploy.0 = Debug|x86
		{AB54B087-CAC4-4801-8808-6C9C9F7C0A9D}.Debug|x64.ActiveCfg = Debug|x64
		{AB54B087-CAC4-4801-8808-6C9C9F7C0A9D}.Debug|x64.Build.0 = Debug|x64
		{AB54B087-CAC4-4801-8808-6C9C9F7C0A9D}.Debug|x64.Deploy.0 = Debug|x64
		{AB54B087-CAC4-4801-8808-6C9C9F7C0A9D}.Debug|x86.ActiveCfg = Debug|x86
		{AB54B087-CAC4-4801-8808-6C9C9F7C0A9D}.Debug|x86.Build.0 = Debug|x86
		{AB54B087-CAC4-4801-8808-6C9C9F7C0A9D}.Debug|x86.Deploy.0 = Debug|x86
		{AB54B087-CAC4-4801-8808-6C9C9F7C0A9D}.Release|Any CPU.ActiveCfg = Release|x86
		{AB54B087-CAC4-4801-8808-6C9C9F7C0A9D}.Release|Any CPU.Build.0 = Release|x86
		{AB54B087-CAC4-4801-8808-6C9C9F7C0A9D}.Release|Any CPU.Deploy.0 = Release|x86
		{AB54B087-CAC4-4801-8808-6C9C9F7C0A9D}.Release|ARM.ActiveCfg = Release|ARM
		{AB54B087-CAC4-4801-8808-6C9C9F7C0A9D}.Release|ARM.Build.0 = Release|ARM
		{AB54B087-CAC4-4801-8808-6C9C9F7C0A9D}.Release|ARM.Deploy.0 = Release|ARM
		{AB54B087-CAC4-4801-8808-6C9C9F7C0A9D}.Release|iPhone.ActiveCfg = Release|x86
		{AB54B087-CAC4-4801-8808-6C9C9F7C0A9D}.Release|iPhone.Build.0 = Release|x86
		{AB54B087-CAC4-4801-8808-6C9C9F7C0A9D}.Release|iPhone.Deploy.0 = Release|x86
		{AB54B087-CAC4-4801-8808-6C9C9F7C0A9D}.Release|iPhoneSimulator.ActiveCfg = Release|x86
		{AB54B087-CAC4-4801-8808-6C9C9F7C0A9D}.Release|iPhoneSimulator.Build.0 = Release|x86
		{AB54B087-CAC4-4801-8808-6C9C9F7C0A9D}.Release|iPhoneSimulator.Deploy.0 = Release|x86
		{AB54B087-CAC4-4801-8808-6C9C9F7C0A9D}.Release|x64.ActiveCfg = Release|x64
		{AB54B087-CAC4-4801-8808-6C9C9F7C0A9D}.Release|x64.Build.0 = Release|x64
		{AB54B087-CAC4-4801-8808-6C9C9F7C0A9D}.Release|x64.Deploy.0 = Release|x64
		{AB54B087-CAC4-4801-8808-6C9C9F7C0A9D}.Release|x86.ActiveCfg = Release|x86
		{AB54B087-CAC4-4801-8808-6C9C9F7C0A9D}.Release|x86.Build.0 = Release|x86
		{AB54B087-CAC4-4801-8808-6C9C9F7C0A9D}.Release|x86.Deploy.0 = Release|x86
		{AE1AA004-6006-45C2-BBE0-123B1C9F8F9A}.Debug|Any CPU.ActiveCfg = Debug|Any CPU
		{AE1AA004-6006-45C2-BBE0-123B1C9F8F9A}.Debug|Any CPU.Build.0 = Debug|Any CPU
		{AE1AA004-6006-45C2-BBE0-123B1C9F8F9A}.Debug|Any CPU.Deploy.0 = Debug|Any CPU
		{AE1AA004-6006-45C2-BBE0-123B1C9F8F9A}.Debug|ARM.ActiveCfg = Debug|Any CPU
		{AE1AA004-6006-45C2-BBE0-123B1C9F8F9A}.Debug|ARM.Build.0 = Debug|Any CPU
		{AE1AA004-6006-45C2-BBE0-123B1C9F8F9A}.Debug|ARM.Deploy.0 = Debug|Any CPU
		{AE1AA004-6006-45C2-BBE0-123B1C9F8F9A}.Debug|iPhone.ActiveCfg = Debug|Any CPU
		{AE1AA004-6006-45C2-BBE0-123B1C9F8F9A}.Debug|iPhone.Build.0 = Debug|Any CPU
		{AE1AA004-6006-45C2-BBE0-123B1C9F8F9A}.Debug|iPhone.Deploy.0 = Debug|Any CPU
		{AE1AA004-6006-45C2-BBE0-123B1C9F8F9A}.Debug|iPhoneSimulator.ActiveCfg = Debug|Any CPU
		{AE1AA004-6006-45C2-BBE0-123B1C9F8F9A}.Debug|iPhoneSimulator.Build.0 = Debug|Any CPU
		{AE1AA004-6006-45C2-BBE0-123B1C9F8F9A}.Debug|iPhoneSimulator.Deploy.0 = Debug|Any CPU
		{AE1AA004-6006-45C2-BBE0-123B1C9F8F9A}.Debug|x64.ActiveCfg = Debug|Any CPU
		{AE1AA004-6006-45C2-BBE0-123B1C9F8F9A}.Debug|x64.Build.0 = Debug|Any CPU
		{AE1AA004-6006-45C2-BBE0-123B1C9F8F9A}.Debug|x64.Deploy.0 = Debug|Any CPU
		{AE1AA004-6006-45C2-BBE0-123B1C9F8F9A}.Debug|x86.ActiveCfg = Debug|Any CPU
		{AE1AA004-6006-45C2-BBE0-123B1C9F8F9A}.Debug|x86.Build.0 = Debug|Any CPU
		{AE1AA004-6006-45C2-BBE0-123B1C9F8F9A}.Debug|x86.Deploy.0 = Debug|Any CPU
		{AE1AA004-6006-45C2-BBE0-123B1C9F8F9A}.Release|Any CPU.ActiveCfg = Release|Any CPU
		{AE1AA004-6006-45C2-BBE0-123B1C9F8F9A}.Release|Any CPU.Build.0 = Release|Any CPU
		{AE1AA004-6006-45C2-BBE0-123B1C9F8F9A}.Release|Any CPU.Deploy.0 = Release|Any CPU
		{AE1AA004-6006-45C2-BBE0-123B1C9F8F9A}.Release|ARM.ActiveCfg = Release|Any CPU
		{AE1AA004-6006-45C2-BBE0-123B1C9F8F9A}.Release|ARM.Build.0 = Release|Any CPU
		{AE1AA004-6006-45C2-BBE0-123B1C9F8F9A}.Release|ARM.Deploy.0 = Release|Any CPU
		{AE1AA004-6006-45C2-BBE0-123B1C9F8F9A}.Release|iPhone.ActiveCfg = Release|Any CPU
		{AE1AA004-6006-45C2-BBE0-123B1C9F8F9A}.Release|iPhone.Build.0 = Release|Any CPU
		{AE1AA004-6006-45C2-BBE0-123B1C9F8F9A}.Release|iPhone.Deploy.0 = Release|Any CPU
		{AE1AA004-6006-45C2-BBE0-123B1C9F8F9A}.Release|iPhoneSimulator.ActiveCfg = Release|Any CPU
		{AE1AA004-6006-45C2-BBE0-123B1C9F8F9A}.Release|iPhoneSimulator.Build.0 = Release|Any CPU
		{AE1AA004-6006-45C2-BBE0-123B1C9F8F9A}.Release|iPhoneSimulator.Deploy.0 = Release|Any CPU
		{AE1AA004-6006-45C2-BBE0-123B1C9F8F9A}.Release|x64.ActiveCfg = Release|Any CPU
		{AE1AA004-6006-45C2-BBE0-123B1C9F8F9A}.Release|x64.Build.0 = Release|Any CPU
		{AE1AA004-6006-45C2-BBE0-123B1C9F8F9A}.Release|x64.Deploy.0 = Release|Any CPU
		{AE1AA004-6006-45C2-BBE0-123B1C9F8F9A}.Release|x86.ActiveCfg = Release|Any CPU
		{AE1AA004-6006-45C2-BBE0-123B1C9F8F9A}.Release|x86.Build.0 = Release|Any CPU
		{AE1AA004-6006-45C2-BBE0-123B1C9F8F9A}.Release|x86.Deploy.0 = Release|Any CPU
		{DB26B653-0CBF-4985-835F-A20DABCD4B6F}.Debug|Any CPU.ActiveCfg = Debug|iPhoneSimulator
		{DB26B653-0CBF-4985-835F-A20DABCD4B6F}.Debug|Any CPU.Build.0 = Debug|iPhoneSimulator
		{DB26B653-0CBF-4985-835F-A20DABCD4B6F}.Debug|Any CPU.Deploy.0 = Debug|iPhoneSimulator
		{DB26B653-0CBF-4985-835F-A20DABCD4B6F}.Debug|ARM.ActiveCfg = Debug|iPhone
		{DB26B653-0CBF-4985-835F-A20DABCD4B6F}.Debug|ARM.Build.0 = Debug|iPhone
		{DB26B653-0CBF-4985-835F-A20DABCD4B6F}.Debug|ARM.Deploy.0 = Debug|iPhone
		{DB26B653-0CBF-4985-835F-A20DABCD4B6F}.Debug|iPhone.ActiveCfg = Debug|iPhone
		{DB26B653-0CBF-4985-835F-A20DABCD4B6F}.Debug|iPhone.Build.0 = Debug|iPhone
		{DB26B653-0CBF-4985-835F-A20DABCD4B6F}.Debug|iPhone.Deploy.0 = Debug|iPhone
		{DB26B653-0CBF-4985-835F-A20DABCD4B6F}.Debug|iPhoneSimulator.ActiveCfg = Debug|iPhoneSimulator
		{DB26B653-0CBF-4985-835F-A20DABCD4B6F}.Debug|iPhoneSimulator.Build.0 = Debug|iPhoneSimulator
		{DB26B653-0CBF-4985-835F-A20DABCD4B6F}.Debug|iPhoneSimulator.Deploy.0 = Debug|iPhoneSimulator
		{DB26B653-0CBF-4985-835F-A20DABCD4B6F}.Debug|x64.ActiveCfg = Debug|iPhoneSimulator
		{DB26B653-0CBF-4985-835F-A20DABCD4B6F}.Debug|x64.Build.0 = Debug|iPhoneSimulator
		{DB26B653-0CBF-4985-835F-A20DABCD4B6F}.Debug|x64.Deploy.0 = Debug|iPhoneSimulator
		{DB26B653-0CBF-4985-835F-A20DABCD4B6F}.Debug|x86.ActiveCfg = Debug|iPhoneSimulator
		{DB26B653-0CBF-4985-835F-A20DABCD4B6F}.Debug|x86.Build.0 = Debug|iPhoneSimulator
		{DB26B653-0CBF-4985-835F-A20DABCD4B6F}.Debug|x86.Deploy.0 = Debug|iPhoneSimulator
		{DB26B653-0CBF-4985-835F-A20DABCD4B6F}.Release|Any CPU.ActiveCfg = Release|iPhoneSimulator
		{DB26B653-0CBF-4985-835F-A20DABCD4B6F}.Release|Any CPU.Build.0 = Release|iPhoneSimulator
		{DB26B653-0CBF-4985-835F-A20DABCD4B6F}.Release|Any CPU.Deploy.0 = Release|iPhoneSimulator
		{DB26B653-0CBF-4985-835F-A20DABCD4B6F}.Release|ARM.ActiveCfg = Release|iPhoneSimulator
		{DB26B653-0CBF-4985-835F-A20DABCD4B6F}.Release|ARM.Build.0 = Release|iPhoneSimulator
		{DB26B653-0CBF-4985-835F-A20DABCD4B6F}.Release|ARM.Deploy.0 = Release|iPhoneSimulator
		{DB26B653-0CBF-4985-835F-A20DABCD4B6F}.Release|iPhone.ActiveCfg = Release|iPhone
		{DB26B653-0CBF-4985-835F-A20DABCD4B6F}.Release|iPhone.Build.0 = Release|iPhone
		{DB26B653-0CBF-4985-835F-A20DABCD4B6F}.Release|iPhone.Deploy.0 = Release|iPhone
		{DB26B653-0CBF-4985-835F-A20DABCD4B6F}.Release|iPhoneSimulator.ActiveCfg = Release|iPhoneSimulator
		{DB26B653-0CBF-4985-835F-A20DABCD4B6F}.Release|iPhoneSimulator.Build.0 = Release|iPhoneSimulator
		{DB26B653-0CBF-4985-835F-A20DABCD4B6F}.Release|iPhoneSimulator.Deploy.0 = Release|iPhoneSimulator
		{DB26B653-0CBF-4985-835F-A20DABCD4B6F}.Release|x64.ActiveCfg = Release|iPhoneSimulator
		{DB26B653-0CBF-4985-835F-A20DABCD4B6F}.Release|x64.Build.0 = Release|iPhoneSimulator
		{DB26B653-0CBF-4985-835F-A20DABCD4B6F}.Release|x64.Deploy.0 = Release|iPhoneSimulator
		{DB26B653-0CBF-4985-835F-A20DABCD4B6F}.Release|x86.ActiveCfg = Release|iPhoneSimulator
		{DB26B653-0CBF-4985-835F-A20DABCD4B6F}.Release|x86.Build.0 = Release|iPhoneSimulator
		{DB26B653-0CBF-4985-835F-A20DABCD4B6F}.Release|x86.Deploy.0 = Release|iPhoneSimulator
		{9BEA6795-044F-4D98-97A4-8BCD292D24FC}.Debug|Any CPU.ActiveCfg = Debug|Any CPU
		{9BEA6795-044F-4D98-97A4-8BCD292D24FC}.Debug|Any CPU.Build.0 = Debug|Any CPU
		{9BEA6795-044F-4D98-97A4-8BCD292D24FC}.Debug|Any CPU.Deploy.0 = Debug|Any CPU
		{9BEA6795-044F-4D98-97A4-8BCD292D24FC}.Debug|ARM.ActiveCfg = Debug|Any CPU
		{9BEA6795-044F-4D98-97A4-8BCD292D24FC}.Debug|ARM.Build.0 = Debug|Any CPU
		{9BEA6795-044F-4D98-97A4-8BCD292D24FC}.Debug|ARM.Deploy.0 = Debug|Any CPU
		{9BEA6795-044F-4D98-97A4-8BCD292D24FC}.Debug|iPhone.ActiveCfg = Debug|Any CPU
		{9BEA6795-044F-4D98-97A4-8BCD292D24FC}.Debug|iPhone.Build.0 = Debug|Any CPU
		{9BEA6795-044F-4D98-97A4-8BCD292D24FC}.Debug|iPhone.Deploy.0 = Debug|Any CPU
		{9BEA6795-044F-4D98-97A4-8BCD292D24FC}.Debug|iPhoneSimulator.ActiveCfg = Debug|Any CPU
		{9BEA6795-044F-4D98-97A4-8BCD292D24FC}.Debug|iPhoneSimulator.Build.0 = Debug|Any CPU
		{9BEA6795-044F-4D98-97A4-8BCD292D24FC}.Debug|iPhoneSimulator.Deploy.0 = Debug|Any CPU
		{9BEA6795-044F-4D98-97A4-8BCD292D24FC}.Debug|x64.ActiveCfg = Debug|Any CPU
		{9BEA6795-044F-4D98-97A4-8BCD292D24FC}.Debug|x64.Build.0 = Debug|Any CPU
		{9BEA6795-044F-4D98-97A4-8BCD292D24FC}.Debug|x64.Deploy.0 = Debug|Any CPU
		{9BEA6795-044F-4D98-97A4-8BCD292D24FC}.Debug|x86.ActiveCfg = Debug|Any CPU
		{9BEA6795-044F-4D98-97A4-8BCD292D24FC}.Debug|x86.Build.0 = Debug|Any CPU
		{9BEA6795-044F-4D98-97A4-8BCD292D24FC}.Debug|x86.Deploy.0 = Debug|Any CPU
		{9BEA6795-044F-4D98-97A4-8BCD292D24FC}.Release|Any CPU.ActiveCfg = Release|Any CPU
		{9BEA6795-044F-4D98-97A4-8BCD292D24FC}.Release|Any CPU.Build.0 = Release|Any CPU
		{9BEA6795-044F-4D98-97A4-8BCD292D24FC}.Release|Any CPU.Deploy.0 = Release|Any CPU
		{9BEA6795-044F-4D98-97A4-8BCD292D24FC}.Release|ARM.ActiveCfg = Release|Any CPU
		{9BEA6795-044F-4D98-97A4-8BCD292D24FC}.Release|ARM.Build.0 = Release|Any CPU
		{9BEA6795-044F-4D98-97A4-8BCD292D24FC}.Release|ARM.Deploy.0 = Release|Any CPU
		{9BEA6795-044F-4D98-97A4-8BCD292D24FC}.Release|iPhone.ActiveCfg = Release|Any CPU
		{9BEA6795-044F-4D98-97A4-8BCD292D24FC}.Release|iPhone.Build.0 = Release|Any CPU
		{9BEA6795-044F-4D98-97A4-8BCD292D24FC}.Release|iPhone.Deploy.0 = Release|Any CPU
		{9BEA6795-044F-4D98-97A4-8BCD292D24FC}.Release|iPhoneSimulator.ActiveCfg = Release|Any CPU
		{9BEA6795-044F-4D98-97A4-8BCD292D24FC}.Release|iPhoneSimulator.Build.0 = Release|Any CPU
		{9BEA6795-044F-4D98-97A4-8BCD292D24FC}.Release|iPhoneSimulator.Deploy.0 = Release|Any CPU
		{9BEA6795-044F-4D98-97A4-8BCD292D24FC}.Release|x64.ActiveCfg = Release|Any CPU
		{9BEA6795-044F-4D98-97A4-8BCD292D24FC}.Release|x64.Build.0 = Release|Any CPU
		{9BEA6795-044F-4D98-97A4-8BCD292D24FC}.Release|x64.Deploy.0 = Release|Any CPU
		{9BEA6795-044F-4D98-97A4-8BCD292D24FC}.Release|x86.ActiveCfg = Release|Any CPU
		{9BEA6795-044F-4D98-97A4-8BCD292D24FC}.Release|x86.Build.0 = Release|Any CPU
		{9BEA6795-044F-4D98-97A4-8BCD292D24FC}.Release|x86.Deploy.0 = Release|Any CPU
	EndGlobalSection
	GlobalSection(SolutionProperties) = preSolution
		HideSolutionNode = FALSE
	EndGlobalSection
	GlobalSection(ExtensibilityGlobals) = postSolution
		VisualSVNWorkingCopyRoot = .
		SolutionGuid = {CD435054-8609-48E4-92CE-C175A65B54E6}
	EndGlobalSection
EndGlobal
